lockfileVersion: '9.0'

settings:
  autoInstallPeers: true
  excludeLinksFromLockfile: false

importers:

  .:
    dependencies:
      '@vant/weapp':
        specifier: ^1.10.10
        version: 1.11.7
      dayjs:
        specifier: ^1.11.13
        version: 1.11.13
      prettier:
        specifier: ^3.5.0
        version: 3.5.0
    devDependencies:
      miniprogram-api-typings:
        specifier: ^2.12.0
        version: 2.12.0

packages:

  '@vant/weapp@1.11.7':
    resolution: {integrity: sha512-Rwn9BBnb4kHSV4XmvBicwtd42J+amEUfnFDcXJsGNPNX4a9c/DoT6YLsm4X1wB2+sQbdiQsbFBLAvGRBxCkD8g==}

  dayjs@1.11.13:
    resolution: {integrity: sha512-oaMBel6gjolK862uaPQOVTA7q3TZhuSvuMQAAglQDOWYO9A91IrAOUJEyKVlqJlHE0vq5p5UXxzdPfMH/x6xNg==}

  miniprogram-api-typings@2.12.0:
    resolution: {integrity: sha512-ibvbqeslVFur0IAvTxLMvsbtvVcMo6gwvOnj0YZHV7aeDLu091VQRrETT2QuiG9P6aZWRcxeNGJChRKVPCp9VQ==}

  prettier@3.5.0:
    resolution: {integrity: sha512-quyMrVt6svPS7CjQ9gKb3GLEX/rl3BCL2oa/QkNcXv4YNVBC9olt3s+H7ukto06q7B1Qz46PbrKLO34PR6vXcA==}
    engines: {node: '>=14'}
    hasBin: true

snapshots:

  '@vant/weapp@1.11.7': {}

  dayjs@1.11.13: {}

  miniprogram-api-typings@2.12.0: {}

  prettier@3.5.0: {}
